
Microsoft Visual Studio Solution File, Format Version 12.00
# Visual Studio Version 16
VisualStudioVersion = 16.0.30114.105
MinimumVisualStudioVersion = 10.0.40219.1
Project("{FAE04EC0-301F-11D3-BF4B-00C04F79EFBC}") = "mylist", "mylist.csproj", "{7A6B88EF-D4F6-45C0-B5B0-7E79017BC07C}"
EndProject
Global
	GlobalSection(SolutionConfigurationPlatforms) = preSolution
		Debug|Any CPU = Debug|Any CPU
		Release|Any CPU = Release|Any CPU
	EndGlobalSection
	GlobalSection(SolutionProperties) = preSolution
		HideSolutionNode = FALSE
	EndGlobalSection
	GlobalSection(ProjectConfigurationPlatforms) = postSolution
		{7A6B88EF-D4F6-45C0-B5B0-7E79017BC07C}.Debug|Any CPU.ActiveCfg = Debug|Any CPU
		{7A6B88EF-D4F6-45C0-B5B0-7E79017BC07C}.Debug|Any CPU.Build.0 = Debug|Any CPU
		{7A6B88EF-D4F6-45C0-B5B0-7E79017BC07C}.Release|Any CPU.ActiveCfg = Release|Any CPU
		{7A6B88EF-D4F6-45C0-B5B0-7E79017BC07C}.Release|Any CPU.Build.0 = Release|Any CPU
	EndGlobalSection
EndGlobal
